
Microsoft Visual Studio Solution File, Format Version 12.00
# Visual Studio 15
VisualStudioVersion = 15.0.28307.421
MinimumVisualStudioVersion = 10.0.40219.1
Project("{FAE04EC0-301F-11D3-BF4B-00C04F79EFBC}") = "MoneySpending.Model", "MoneySpending.Model\MoneySpending.Model.csproj", "{A81F3728-CE74-4B06-B2EB-3C5257C334A1}"
EndProject
Global
	GlobalSection(SolutionConfigurationPlatforms) = preSolution
		Debug|Any CPU = Debug|Any CPU
		Release|Any CPU = Release|Any CPU
	EndGlobalSection
	GlobalSection(ProjectConfigurationPlatforms) = postSolution
		{A81F3728-CE74-4B06-B2EB-3C5257C334A1}.Debug|Any CPU.ActiveCfg = Debug|Any CPU
		{A81F3728-CE74-4B06-B2EB-3C5257C334A1}.Debug|Any CPU.Build.0 = Debug|Any CPU
		{A81F3728-CE74-4B06-B2EB-3C5257C334A1}.Release|Any CPU.ActiveCfg = Release|Any CPU
		{A81F3728-CE74-4B06-B2EB-3C5257C334A1}.Release|Any CPU.Build.0 = Release|Any CPU
	EndGlobalSection
	GlobalSection(SolutionProperties) = preSolution
		HideSolutionNode = FALSE
	EndGlobalSection
	GlobalSection(ExtensibilityGlobals) = postSolution
		SolutionGuid = {59BB1858-869F-4641-83DD-754EC9A43954}
	EndGlobalSection
EndGlobal
